
Microsoft Visual Studio Solution File, Format Version 12.00
# Visual Studio Version 17
VisualStudioVersion = 17.7.34221.43
MinimumVisualStudioVersion = 10.0.40219.1
Project("{2150E333-8FDC-42A3-9474-1A3956D46DE8}") = "src", "src", "{02EA681E-C7D8-13C7-8484-4AC65E1B71E8}"
EndProject
Project("{2150E333-8FDC-42A3-9474-1A3956D46DE8}") = "test", "test", "{889C057B-D3D0-43D0-8D81-95AC8DB5A31B}"
EndProject
Project("{2150E333-8FDC-42A3-9474-1A3956D46DE8}") = "Domain", "Domain", "{B191B020-52B3-4D4A-A761-5BC4DD49A75C}"
EndProject
Project("{FAE04EC0-301F-11D3-BF4B-00C04F79EFBC}") = "Domain", "Domain\Domain.csproj", "{0BFA5D46-88BD-43C1-9B1C-080942CCC9DC}"
EndProject
Project("{2150E333-8FDC-42A3-9474-1A3956D46DE8}") = "Application", "Application", "{58A4ECC9-CB38-4C94-BBE2-DF4E201600CE}"
EndProject
Project("{FAE04EC0-301F-11D3-BF4B-00C04F79EFBC}") = "Application", "Application\Application.csproj", "{35B3B824-C92E-40E3-A8E6-FBE0F014DD77}"
EndProject
Project("{2150E333-8FDC-42A3-9474-1A3956D46DE8}") = "Infrastructure", "Infrastructure", "{3173BF50-6216-431B-BE83-0D4B96C7048E}"
EndProject
Project("{FAE04EC0-301F-11D3-BF4B-00C04F79EFBC}") = "Infrastructure", "Infrastructure\Infrastructure.csproj", "{A834FADA-5136-4B94-AE88-57E74C19CC30}"
EndProject
Project("{2150E333-8FDC-42A3-9474-1A3956D46DE8}") = "Api", "Api", "{1F7FE58E-D830-47FC-9BEC-26229B5439A5}"
EndProject
Project("{FAE04EC0-301F-11D3-BF4B-00C04F79EFBC}") = "Api", "Api\Api.csproj", "{0C1688B9-2944-412E-9ACA-FED11A14C4E6}"
EndProject
Project("{FAE04EC0-301F-11D3-BF4B-00C04F79EFBC}") = "UnitTest", "UnitTest\UnitTest.csproj", "{7E346D0E-D7C3-429E-8948-972AC8778FD4}"
EndProject
Project("{2150E333-8FDC-42A3-9474-1A3956D46DE8}") = "Shared", "Shared", "{54F3A162-ACB9-44F9-A6C6-1CF6BC9E06C0}"
EndProject
Project("{FAE04EC0-301F-11D3-BF4B-00C04F79EFBC}") = "Shared", "Shared\Shared.csproj", "{8AAA29F2-19DA-41C2-A739-B03AAB1C4F87}"
EndProject
Global
	GlobalSection(SolutionConfigurationPlatforms) = preSolution
		Debug|Any CPU = Debug|Any CPU
		Release|Any CPU = Release|Any CPU
	EndGlobalSection
	GlobalSection(ProjectConfigurationPlatforms) = postSolution
		{0BFA5D46-88BD-43C1-9B1C-080942CCC9DC}.Debug|Any CPU.ActiveCfg = Debug|Any CPU
		{0BFA5D46-88BD-43C1-9B1C-080942CCC9DC}.Debug|Any CPU.Build.0 = Debug|Any CPU
		{0BFA5D46-88BD-43C1-9B1C-080942CCC9DC}.Release|Any CPU.ActiveCfg = Release|Any CPU
		{0BFA5D46-88BD-43C1-9B1C-080942CCC9DC}.Release|Any CPU.Build.0 = Release|Any CPU
		{35B3B824-C92E-40E3-A8E6-FBE0F014DD77}.Debug|Any CPU.ActiveCfg = Debug|Any CPU
		{35B3B824-C92E-40E3-A8E6-FBE0F014DD77}.Debug|Any CPU.Build.0 = Debug|Any CPU
		{35B3B824-C92E-40E3-A8E6-FBE0F014DD77}.Release|Any CPU.ActiveCfg = Release|Any CPU
		{35B3B824-C92E-40E3-A8E6-FBE0F014DD77}.Release|Any CPU.Build.0 = Release|Any CPU
		{A834FADA-5136-4B94-AE88-57E74C19CC30}.Debug|Any CPU.ActiveCfg = Debug|Any CPU
		{A834FADA-5136-4B94-AE88-57E74C19CC30}.Debug|Any CPU.Build.0 = Debug|Any CPU
		{A834FADA-5136-4B94-AE88-57E74C19CC30}.Release|Any CPU.ActiveCfg = Release|Any CPU
		{A834FADA-5136-4B94-AE88-57E74C19CC30}.Release|Any CPU.Build.0 = Release|Any CPU
		{0C1688B9-2944-412E-9ACA-FED11A14C4E6}.Debug|Any CPU.ActiveCfg = Debug|Any CPU
		{0C1688B9-2944-412E-9ACA-FED11A14C4E6}.Debug|Any CPU.Build.0 = Debug|Any CPU
		{0C1688B9-2944-412E-9ACA-FED11A14C4E6}.Release|Any CPU.ActiveCfg = Release|Any CPU
		{0C1688B9-2944-412E-9ACA-FED11A14C4E6}.Release|Any CPU.Build.0 = Release|Any CPU
		{7E346D0E-D7C3-429E-8948-972AC8778FD4}.Debug|Any CPU.ActiveCfg = Debug|Any CPU
		{7E346D0E-D7C3-429E-8948-972AC8778FD4}.Debug|Any CPU.Build.0 = Debug|Any CPU
		{7E346D0E-D7C3-429E-8948-972AC8778FD4}.Release|Any CPU.ActiveCfg = Release|Any CPU
		{7E346D0E-D7C3-429E-8948-972AC8778FD4}.Release|Any CPU.Build.0 = Release|Any CPU
		{8AAA29F2-19DA-41C2-A739-B03AAB1C4F87}.Debug|Any CPU.ActiveCfg = Debug|Any CPU
		{8AAA29F2-19DA-41C2-A739-B03AAB1C4F87}.Debug|Any CPU.Build.0 = Debug|Any CPU
		{8AAA29F2-19DA-41C2-A739-B03AAB1C4F87}.Release|Any CPU.ActiveCfg = Release|Any CPU
		{8AAA29F2-19DA-41C2-A739-B03AAB1C4F87}.Release|Any CPU.Build.0 = Release|Any CPU
	EndGlobalSection
	GlobalSection(SolutionProperties) = preSolution
		HideSolutionNode = FALSE
	EndGlobalSection
	GlobalSection(NestedProjects) = preSolution
		{B191B020-52B3-4D4A-A761-5BC4DD49A75C} = {02EA681E-C7D8-13C7-8484-4AC65E1B71E8}
		{0BFA5D46-88BD-43C1-9B1C-080942CCC9DC} = {B191B020-52B3-4D4A-A761-5BC4DD49A75C}
		{58A4ECC9-CB38-4C94-BBE2-DF4E201600CE} = {02EA681E-C7D8-13C7-8484-4AC65E1B71E8}
		{35B3B824-C92E-40E3-A8E6-FBE0F014DD77} = {58A4ECC9-CB38-4C94-BBE2-DF4E201600CE}
		{3173BF50-6216-431B-BE83-0D4B96C7048E} = {02EA681E-C7D8-13C7-8484-4AC65E1B71E8}
		{A834FADA-5136-4B94-AE88-57E74C19CC30} = {3173BF50-6216-431B-BE83-0D4B96C7048E}
		{1F7FE58E-D830-47FC-9BEC-26229B5439A5} = {02EA681E-C7D8-13C7-8484-4AC65E1B71E8}
		{0C1688B9-2944-412E-9ACA-FED11A14C4E6} = {1F7FE58E-D830-47FC-9BEC-26229B5439A5}
		{7E346D0E-D7C3-429E-8948-972AC8778FD4} = {889C057B-D3D0-43D0-8D81-95AC8DB5A31B}
		{54F3A162-ACB9-44F9-A6C6-1CF6BC9E06C0} = {02EA681E-C7D8-13C7-8484-4AC65E1B71E8}
		{8AAA29F2-19DA-41C2-A739-B03AAB1C4F87} = {54F3A162-ACB9-44F9-A6C6-1CF6BC9E06C0}
	EndGlobalSection
	GlobalSection(ExtensibilityGlobals) = postSolution
		SolutionGuid = {4112B875-8314-4EBD-8157-557241FBC425}
	EndGlobalSection
EndGlobal
